
Microsoft Visual Studio Solution File, Format Version 12.00
# Visual Studio Version 17
VisualStudioVersion = 17.1.32228.430
MinimumVisualStudioVersion = 10.0.40219.1
Project("{FAE04EC0-301F-11D3-BF4B-00C04F79EFBC}") = "MyNotes.BusinessLayer", "MyNotes.BusinessLayer\MyNotes.BusinessLayer.csproj", "{522DD3B0-34EF-46EA-9B27-A3286E2EED96}"
EndProject
Project("{FAE04EC0-301F-11D3-BF4B-00C04F79EFBC}") = "MyNotes.DataAccessLayer", "MyNotesDataAccessLayer\MyNotes.DataAccessLayer.csproj", "{911FFAF1-3354-4071-9EA6-6DA04AD7089B}"
EndProject
Project("{FAE04EC0-301F-11D3-BF4B-00C04F79EFBC}") = "MyNotes.EntityLayer", "MyNotes.EntityLayer\MyNotes.EntityLayer.csproj", "{364680BC-21EF-4F80-8DD6-867121AE2E8D}"
EndProject
Project("{FAE04EC0-301F-11D3-BF4B-00C04F79EFBC}") = "MyNotes.MVC", "MyNotes.MVC\MyNotes.MVC.csproj", "{CAABAD87-C18C-4F9C-9C57-A8C6F2BDB2C0}"
EndProject
Project("{FAE04EC0-301F-11D3-BF4B-00C04F79EFBC}") = "MyNotes.CoreLayer", "MyNotes.CoreLayer\MyNotes.CoreLayer.csproj", "{2D4181C8-8027-4463-806B-F5F04E6ACC4B}"
EndProject
Global
	GlobalSection(SolutionConfigurationPlatforms) = preSolution
		Debug|Any CPU = Debug|Any CPU
		Release|Any CPU = Release|Any CPU
	EndGlobalSection
	GlobalSection(ProjectConfigurationPlatforms) = postSolution
		{522DD3B0-34EF-46EA-9B27-A3286E2EED96}.Debug|Any CPU.ActiveCfg = Debug|Any CPU
		{522DD3B0-34EF-46EA-9B27-A3286E2EED96}.Debug|Any CPU.Build.0 = Debug|Any CPU
		{522DD3B0-34EF-46EA-9B27-A3286E2EED96}.Release|Any CPU.ActiveCfg = Release|Any CPU
		{522DD3B0-34EF-46EA-9B27-A3286E2EED96}.Release|Any CPU.Build.0 = Release|Any CPU
		{911FFAF1-3354-4071-9EA6-6DA04AD7089B}.Debug|Any CPU.ActiveCfg = Debug|Any CPU
		{911FFAF1-3354-4071-9EA6-6DA04AD7089B}.Debug|Any CPU.Build.0 = Debug|Any CPU
		{911FFAF1-3354-4071-9EA6-6DA04AD7089B}.Release|Any CPU.ActiveCfg = Release|Any CPU
		{911FFAF1-3354-4071-9EA6-6DA04AD7089B}.Release|Any CPU.Build.0 = Release|Any CPU
		{364680BC-21EF-4F80-8DD6-867121AE2E8D}.Debug|Any CPU.ActiveCfg = Debug|Any CPU
		{364680BC-21EF-4F80-8DD6-867121AE2E8D}.Debug|Any CPU.Build.0 = Debug|Any CPU
		{364680BC-21EF-4F80-8DD6-867121AE2E8D}.Release|Any CPU.ActiveCfg = Release|Any CPU
		{364680BC-21EF-4F80-8DD6-867121AE2E8D}.Release|Any CPU.Build.0 = Release|Any CPU
		{CAABAD87-C18C-4F9C-9C57-A8C6F2BDB2C0}.Debug|Any CPU.ActiveCfg = Debug|Any CPU
		{CAABAD87-C18C-4F9C-9C57-A8C6F2BDB2C0}.Debug|Any CPU.Build.0 = Debug|Any CPU
		{CAABAD87-C18C-4F9C-9C57-A8C6F2BDB2C0}.Release|Any CPU.ActiveCfg = Release|Any CPU
		{CAABAD87-C18C-4F9C-9C57-A8C6F2BDB2C0}.Release|Any CPU.Build.0 = Release|Any CPU
		{2D4181C8-8027-4463-806B-F5F04E6ACC4B}.Debug|Any CPU.ActiveCfg = Debug|Any CPU
		{2D4181C8-8027-4463-806B-F5F04E6ACC4B}.Debug|Any CPU.Build.0 = Debug|Any CPU
		{2D4181C8-8027-4463-806B-F5F04E6ACC4B}.Release|Any CPU.ActiveCfg = Release|Any CPU
		{2D4181C8-8027-4463-806B-F5F04E6ACC4B}.Release|Any CPU.Build.0 = Release|Any CPU
	EndGlobalSection
	GlobalSection(SolutionProperties) = preSolution
		HideSolutionNode = FALSE
	EndGlobalSection
	GlobalSection(ExtensibilityGlobals) = postSolution
		SolutionGuid = {AA98DC25-C847-4725-8196-CB3ADCA6473F}
	EndGlobalSection
EndGlobal
